
Microsoft Visual Studio Solution File, Format Version 12.00
# Visual Studio Version 17
VisualStudioVersion = 17.10.35122.118
MinimumVisualStudioVersion = 10.0.40219.1
Project("{2150E333-8FDC-42A3-9474-1A3956D46DE8}") = "src", "src", "{5149A278-9DCA-43B3-9E05-9038C3368F23}"
EndProject
Project("{2150E333-8FDC-42A3-9474-1A3956D46DE8}") = "test", "test", "{CD6EDF10-8FE2-4F11-A72E-1F0D7E0CF67B}"
EndProject
Project("{2150E333-8FDC-42A3-9474-1A3956D46DE8}") = "API", "API", "{77703CA4-D38B-4180-81FD-7933C2311187}"
EndProject
Project("{2150E333-8FDC-42A3-9474-1A3956D46DE8}") = "Core", "Core", "{38054B1B-DDC6-44F5-9920-9EB76653726B}"
EndProject
Project("{2150E333-8FDC-42A3-9474-1A3956D46DE8}") = "Infrastructure", "Infrastructure", "{DAE486C7-364F-47CB-B312-93D5DD930F87}"
EndProject
Project("{2150E333-8FDC-42A3-9474-1A3956D46DE8}") = "UI", "UI", "{E0BF8C22-7B0A-48CF-BF96-C5354E24EA7E}"
EndProject
Project("{9A19103F-16F7-4668-BE54-9A1E7A4F7556}") = "HR.LeaveManagement.Domain", "HR.LeaveManagement.Domain\HR.LeaveManagement.Domain.csproj", "{90E2FE39-A7F9-41B8-B4E0-6C3131493C16}"
EndProject
Project("{9A19103F-16F7-4668-BE54-9A1E7A4F7556}") = "HR.LeaveManagement.Application", "HR.LeaveManagement.Application\HR.LeaveManagement.Application.csproj", "{99F18558-F107-4466-AA55-AF60BDB475A0}"
EndProject
Project("{9A19103F-16F7-4668-BE54-9A1E7A4F7556}") = "HR.LeaveManagement.Persistence", "HR.LeaveManagement.Persistence\HR.LeaveManagement.Persistence.csproj", "{E74700B9-B7A9-409C-BBDD-CB546CA9581E}"
EndProject
Project("{9A19103F-16F7-4668-BE54-9A1E7A4F7556}") = "HR.LeaveManagement.Infrastructure", "HR.LeaveManagement.Infrastructure\HR.LeaveManagement.Infrastructure.csproj", "{2B10D96D-B8E6-4DB9-8037-CB843A7A76A0}"
EndProject
Project("{9A19103F-16F7-4668-BE54-9A1E7A4F7556}") = "HR.LeaveManagement.API", "HR.LeaveManagement.API\HR.LeaveManagement.API.csproj", "{463ABF09-101D-4B4C-97AF-05D5B699765A}"
EndProject
Project("{9A19103F-16F7-4668-BE54-9A1E7A4F7556}") = "HR.LeaveManagament.MVC", "HR.LeaveManagament.MVC\HR.LeaveManagament.MVC.csproj", "{1C1EAD4C-CCA4-447B-BC0D-B32221F713A0}"
EndProject
Project("{FAE04EC0-301F-11D3-BF4B-00C04F79EFBC}") = "HR.LeaveManagement.Identity", "HR.LeaveManagement.Identity\HR.LeaveManagement.Identity.csproj", "{E06DD3C3-7CF4-4E20-94AE-E58664E39F96}"
EndProject
Global
	GlobalSection(SolutionConfigurationPlatforms) = preSolution
		Debug|Any CPU = Debug|Any CPU
		Release|Any CPU = Release|Any CPU
	EndGlobalSection
	GlobalSection(ProjectConfigurationPlatforms) = postSolution
		{90E2FE39-A7F9-41B8-B4E0-6C3131493C16}.Debug|Any CPU.ActiveCfg = Debug|Any CPU
		{90E2FE39-A7F9-41B8-B4E0-6C3131493C16}.Debug|Any CPU.Build.0 = Debug|Any CPU
		{90E2FE39-A7F9-41B8-B4E0-6C3131493C16}.Release|Any CPU.ActiveCfg = Release|Any CPU
		{90E2FE39-A7F9-41B8-B4E0-6C3131493C16}.Release|Any CPU.Build.0 = Release|Any CPU
		{99F18558-F107-4466-AA55-AF60BDB475A0}.Debug|Any CPU.ActiveCfg = Debug|Any CPU
		{99F18558-F107-4466-AA55-AF60BDB475A0}.Debug|Any CPU.Build.0 = Debug|Any CPU
		{99F18558-F107-4466-AA55-AF60BDB475A0}.Release|Any CPU.ActiveCfg = Release|Any CPU
		{99F18558-F107-4466-AA55-AF60BDB475A0}.Release|Any CPU.Build.0 = Release|Any CPU
		{E74700B9-B7A9-409C-BBDD-CB546CA9581E}.Debug|Any CPU.ActiveCfg = Debug|Any CPU
		{E74700B9-B7A9-409C-BBDD-CB546CA9581E}.Debug|Any CPU.Build.0 = Debug|Any CPU
		{E74700B9-B7A9-409C-BBDD-CB546CA9581E}.Release|Any CPU.ActiveCfg = Release|Any CPU
		{E74700B9-B7A9-409C-BBDD-CB546CA9581E}.Release|Any CPU.Build.0 = Release|Any CPU
		{2B10D96D-B8E6-4DB9-8037-CB843A7A76A0}.Debug|Any CPU.ActiveCfg = Debug|Any CPU
		{2B10D96D-B8E6-4DB9-8037-CB843A7A76A0}.Debug|Any CPU.Build.0 = Debug|Any CPU
		{2B10D96D-B8E6-4DB9-8037-CB843A7A76A0}.Release|Any CPU.ActiveCfg = Release|Any CPU
		{2B10D96D-B8E6-4DB9-8037-CB843A7A76A0}.Release|Any CPU.Build.0 = Release|Any CPU
		{463ABF09-101D-4B4C-97AF-05D5B699765A}.Debug|Any CPU.ActiveCfg = Debug|Any CPU
		{463ABF09-101D-4B4C-97AF-05D5B699765A}.Debug|Any CPU.Build.0 = Debug|Any CPU
		{463ABF09-101D-4B4C-97AF-05D5B699765A}.Release|Any CPU.ActiveCfg = Release|Any CPU
		{463ABF09-101D-4B4C-97AF-05D5B699765A}.Release|Any CPU.Build.0 = Release|Any CPU
		{1C1EAD4C-CCA4-447B-BC0D-B32221F713A0}.Debug|Any CPU.ActiveCfg = Debug|Any CPU
		{1C1EAD4C-CCA4-447B-BC0D-B32221F713A0}.Debug|Any CPU.Build.0 = Debug|Any CPU
		{1C1EAD4C-CCA4-447B-BC0D-B32221F713A0}.Release|Any CPU.ActiveCfg = Release|Any CPU
		{1C1EAD4C-CCA4-447B-BC0D-B32221F713A0}.Release|Any CPU.Build.0 = Release|Any CPU
		{E06DD3C3-7CF4-4E20-94AE-E58664E39F96}.Debug|Any CPU.ActiveCfg = Debug|Any CPU
		{E06DD3C3-7CF4-4E20-94AE-E58664E39F96}.Debug|Any CPU.Build.0 = Debug|Any CPU
		{E06DD3C3-7CF4-4E20-94AE-E58664E39F96}.Release|Any CPU.ActiveCfg = Release|Any CPU
		{E06DD3C3-7CF4-4E20-94AE-E58664E39F96}.Release|Any CPU.Build.0 = Release|Any CPU
	EndGlobalSection
	GlobalSection(SolutionProperties) = preSolution
		HideSolutionNode = FALSE
	EndGlobalSection
	GlobalSection(NestedProjects) = preSolution
		{77703CA4-D38B-4180-81FD-7933C2311187} = {5149A278-9DCA-43B3-9E05-9038C3368F23}
		{38054B1B-DDC6-44F5-9920-9EB76653726B} = {5149A278-9DCA-43B3-9E05-9038C3368F23}
		{DAE486C7-364F-47CB-B312-93D5DD930F87} = {5149A278-9DCA-43B3-9E05-9038C3368F23}
		{E0BF8C22-7B0A-48CF-BF96-C5354E24EA7E} = {5149A278-9DCA-43B3-9E05-9038C3368F23}
		{90E2FE39-A7F9-41B8-B4E0-6C3131493C16} = {38054B1B-DDC6-44F5-9920-9EB76653726B}
		{99F18558-F107-4466-AA55-AF60BDB475A0} = {38054B1B-DDC6-44F5-9920-9EB76653726B}
		{E74700B9-B7A9-409C-BBDD-CB546CA9581E} = {DAE486C7-364F-47CB-B312-93D5DD930F87}
		{2B10D96D-B8E6-4DB9-8037-CB843A7A76A0} = {DAE486C7-364F-47CB-B312-93D5DD930F87}
		{463ABF09-101D-4B4C-97AF-05D5B699765A} = {77703CA4-D38B-4180-81FD-7933C2311187}
		{1C1EAD4C-CCA4-447B-BC0D-B32221F713A0} = {E0BF8C22-7B0A-48CF-BF96-C5354E24EA7E}
		{E06DD3C3-7CF4-4E20-94AE-E58664E39F96} = {DAE486C7-364F-47CB-B312-93D5DD930F87}
	EndGlobalSection
	GlobalSection(ExtensibilityGlobals) = postSolution
		SolutionGuid = {808B4F20-6A19-4DF5-BE73-E6B57DE8D19B}
	EndGlobalSection
EndGlobal
